
Microsoft Visual Studio Solution File, Format Version 12.00
# Visual Studio Version 17
VisualStudioVersion = 17.1.32228.430
MinimumVisualStudioVersion = 10.0.40219.1
Project("{FAE04EC0-301F-11D3-BF4B-00C04F79EFBC}") = "ConsoleAppStudy", "ConsoleAppStudy\ConsoleAppStudy.csproj", "{D659035C-D042-4CFB-9478-9A33F833AF8B}"
EndProject
Project("{FAE04EC0-301F-11D3-BF4B-00C04F79EFBC}") = "ConsoleAppNetFramework", "ConsoleAppNetFramework\ConsoleAppNetFramework.csproj", "{A78F969B-E1F3-433F-984C-CE13F26C787C}"
EndProject
Global
	GlobalSection(SolutionConfigurationPlatforms) = preSolution
		Debug|Any CPU = Debug|Any CPU
		Release|Any CPU = Release|Any CPU
	EndGlobalSection
	GlobalSection(ProjectConfigurationPlatforms) = postSolution
		{D659035C-D042-4CFB-9478-9A33F833AF8B}.Debug|Any CPU.ActiveCfg = Debug|Any CPU
		{D659035C-D042-4CFB-9478-9A33F833AF8B}.Debug|Any CPU.Build.0 = Debug|Any CPU
		{D659035C-D042-4CFB-9478-9A33F833AF8B}.Release|Any CPU.ActiveCfg = Release|Any CPU
		{D659035C-D042-4CFB-9478-9A33F833AF8B}.Release|Any CPU.Build.0 = Release|Any CPU
		{A78F969B-E1F3-433F-984C-CE13F26C787C}.Debug|Any CPU.ActiveCfg = Debug|Any CPU
		{A78F969B-E1F3-433F-984C-CE13F26C787C}.Debug|Any CPU.Build.0 = Debug|Any CPU
		{A78F969B-E1F3-433F-984C-CE13F26C787C}.Release|Any CPU.ActiveCfg = Release|Any CPU
		{A78F969B-E1F3-433F-984C-CE13F26C787C}.Release|Any CPU.Build.0 = Release|Any CPU
	EndGlobalSection
	GlobalSection(SolutionProperties) = preSolution
		HideSolutionNode = FALSE
	EndGlobalSection
	GlobalSection(ExtensibilityGlobals) = postSolution
		SolutionGuid = {1D42E013-AEFB-4ACF-8070-E3C8283B7A1E}
	EndGlobalSection
EndGlobal
